
Microsoft Visual Studio Solution File, Format Version 12.00
# Visual Studio 15
VisualStudioVersion = 15.0.28307.1300
MinimumVisualStudioVersion = 10.0.40219.1
Project("{FAE04EC0-301F-11D3-BF4B-00C04F79EFBC}") = "Demo", "Demo\Demo.csproj", "{32C52114-7A2F-45BB-9087-7420976E675D}"
EndProject
Project("{2150E333-8FDC-42A3-9474-1A3956D46DE8}") = "BLL", "BLL", "{85751331-D1AD-472D-88EB-D76F89C17B7D}"
EndProject
Project("{2150E333-8FDC-42A3-9474-1A3956D46DE8}") = "Common", "Common", "{39D254DD-9DC8-40EE-BDAF-DC03FC92F9BD}"
EndProject
Project("{2150E333-8FDC-42A3-9474-1A3956D46DE8}") = "Driver", "Driver", "{1706C2E4-F8AE-4D92-920A-46CEB397AEC2}"
EndProject
Project("{2150E333-8FDC-42A3-9474-1A3956D46DE8}") = "Interface", "Interface", "{D6E86F9B-8F3C-4A6C-A911-8EBB0696A2C9}"
EndProject
Project("{2150E333-8FDC-42A3-9474-1A3956D46DE8}") = "Models", "Models", "{B6B35309-0BE3-4455-AFA7-4AE05C05BDE4}"
EndProject
Project("{2150E333-8FDC-42A3-9474-1A3956D46DE8}") = "Service", "Service", "{C432842B-E13A-4EB4-A39C-0595F4AF143D}"
EndProject
Project("{FAE04EC0-301F-11D3-BF4B-00C04F79EFBC}") = "com.CommunicationBLL", "com.CommunicationBLL\com.CommunicationBLL.csproj", "{46AA2A81-0E4C-4922-8E8F-3F9326202356}"
EndProject
Project("{FAE04EC0-301F-11D3-BF4B-00C04F79EFBC}") = "com.DataBaseBLL", "com.DataBaseBLL\com.DataBaseBLL.csproj", "{6B857177-E578-40A5-9C7F-F4FE12616339}"
EndProject
Project("{FAE04EC0-301F-11D3-BF4B-00C04F79EFBC}") = "com.FunctionBLL", "com.FunctionBLL\com.FunctionBLL.csproj", "{C49E6438-32F4-492C-8B5C-A1C3F0778568}"
EndProject
Project("{FAE04EC0-301F-11D3-BF4B-00C04F79EFBC}") = "com.CommonHelper", "com.CommonHelper\com.CommonHelper.csproj", "{053A8ED8-C9D5-4D3A-872F-AFFD69C23936}"
EndProject
Project("{FAE04EC0-301F-11D3-BF4B-00C04F79EFBC}") = "com.ToolHelper", "com.ToolHelper\com.ToolHelper.csproj", "{B3FF5752-6CA7-45DD-8AD7-9DE0B854C9ED}"
EndProject
Project("{FAE04EC0-301F-11D3-BF4B-00C04F79EFBC}") = "com.FunctionModels", "com.FunctionModels\com.FunctionModels.csproj", "{5B454594-3F89-4968-84E5-C6F673F87DAD}"
EndProject
Project("{FAE04EC0-301F-11D3-BF4B-00C04F79EFBC}") = "com.DataBaseModels", "com.DataBaseModels\com.DataBaseModels.csproj", "{B715FD74-B066-4C5D-86BB-A1A700BA8795}"
EndProject
Project("{FAE04EC0-301F-11D3-BF4B-00C04F79EFBC}") = "com.CommunicationDAL", "com.CommunicationDAL\com.CommunicationDAL.csproj", "{E34C4230-911E-47FB-83B4-D5D1CFD0FCC4}"
EndProject
Project("{FAE04EC0-301F-11D3-BF4B-00C04F79EFBC}") = "com.DataBaseDAL", "com.DataBaseDAL\com.DataBaseDAL.csproj", "{2D27551D-B091-4BB1-857B-D0E863E469AC}"
EndProject
Project("{FAE04EC0-301F-11D3-BF4B-00C04F79EFBC}") = "com.FunctionDAL", "FunctionDAL\com.FunctionDAL.csproj", "{DFC291AD-795A-4058-AE72-1BE92205CDE4}"
EndProject
Project("{2150E333-8FDC-42A3-9474-1A3956D46DE8}") = "UI", "UI", "{A3D2A0C7-53DA-434A-A190-1C59F1A4BFD6}"
EndProject
Project("{FAE04EC0-301F-11D3-BF4B-00C04F79EFBC}") = "com.Controls", "com.Controls\com.Controls.csproj", "{7F8A85C0-117C-4444-821A-700B134876CB}"
EndProject
Project("{2150E333-8FDC-42A3-9474-1A3956D46DE8}") = "DAL", "DAL", "{88A8B37F-A64C-4CAA-97F2-7E5C837C08D5}"
EndProject
Project("{FAE04EC0-301F-11D3-BF4B-00C04F79EFBC}") = "com.TubeServices", "com.TubeServices\com.TubeServices.csproj", "{A9A14334-CABD-40FC-9D42-648F038D15E3}"
EndProject
Project("{FAE04EC0-301F-11D3-BF4B-00C04F79EFBC}") = "com.CommunicationModels", "com.CommunicationModels\com.CommunicationModels.csproj", "{BC9B43A4-F5C6-4FFB-9CEE-2EEF9230B8E8}"
EndProject
Project("{FAE04EC0-301F-11D3-BF4B-00C04F79EFBC}") = "HZH_Controls", "HZH_Controls\HZH_Controls.csproj", "{AF32E163-C577-4CBC-A072-0DC1CE0E1DA3}"
EndProject
Project("{FAE04EC0-301F-11D3-BF4B-00C04F79EFBC}") = "Test", "Test\Test.csproj", "{53CCD007-AA85-4CCF-AE81-BBB8B1CBEB1F}"
EndProject
Global
	GlobalSection(SolutionConfigurationPlatforms) = preSolution
		Debug|Any CPU = Debug|Any CPU
		Release|Any CPU = Release|Any CPU
	EndGlobalSection
	GlobalSection(ProjectConfigurationPlatforms) = postSolution
		{32C52114-7A2F-45BB-9087-7420976E675D}.Debug|Any CPU.ActiveCfg = Debug|Any CPU
		{32C52114-7A2F-45BB-9087-7420976E675D}.Debug|Any CPU.Build.0 = Debug|Any CPU
		{32C52114-7A2F-45BB-9087-7420976E675D}.Release|Any CPU.ActiveCfg = Release|Any CPU
		{32C52114-7A2F-45BB-9087-7420976E675D}.Release|Any CPU.Build.0 = Release|Any CPU
		{46AA2A81-0E4C-4922-8E8F-3F9326202356}.Debug|Any CPU.ActiveCfg = Debug|Any CPU
		{46AA2A81-0E4C-4922-8E8F-3F9326202356}.Debug|Any CPU.Build.0 = Debug|Any CPU
		{46AA2A81-0E4C-4922-8E8F-3F9326202356}.Release|Any CPU.ActiveCfg = Release|Any CPU
		{46AA2A81-0E4C-4922-8E8F-3F9326202356}.Release|Any CPU.Build.0 = Release|Any CPU
		{6B857177-E578-40A5-9C7F-F4FE12616339}.Debug|Any CPU.ActiveCfg = Debug|Any CPU
		{6B857177-E578-40A5-9C7F-F4FE12616339}.Debug|Any CPU.Build.0 = Debug|Any CPU
		{6B857177-E578-40A5-9C7F-F4FE12616339}.Release|Any CPU.ActiveCfg = Release|Any CPU
		{6B857177-E578-40A5-9C7F-F4FE12616339}.Release|Any CPU.Build.0 = Release|Any CPU
		{C49E6438-32F4-492C-8B5C-A1C3F0778568}.Debug|Any CPU.ActiveCfg = Debug|Any CPU
		{C49E6438-32F4-492C-8B5C-A1C3F0778568}.Debug|Any CPU.Build.0 = Debug|Any CPU
		{C49E6438-32F4-492C-8B5C-A1C3F0778568}.Release|Any CPU.ActiveCfg = Release|Any CPU
		{C49E6438-32F4-492C-8B5C-A1C3F0778568}.Release|Any CPU.Build.0 = Release|Any CPU
		{053A8ED8-C9D5-4D3A-872F-AFFD69C23936}.Debug|Any CPU.ActiveCfg = Debug|Any CPU
		{053A8ED8-C9D5-4D3A-872F-AFFD69C23936}.Debug|Any CPU.Build.0 = Debug|Any CPU
		{053A8ED8-C9D5-4D3A-872F-AFFD69C23936}.Release|Any CPU.ActiveCfg = Release|Any CPU
		{053A8ED8-C9D5-4D3A-872F-AFFD69C23936}.Release|Any CPU.Build.0 = Release|Any CPU
		{B3FF5752-6CA7-45DD-8AD7-9DE0B854C9ED}.Debug|Any CPU.ActiveCfg = Debug|Any CPU
		{B3FF5752-6CA7-45DD-8AD7-9DE0B854C9ED}.Debug|Any CPU.Build.0 = Debug|Any CPU
		{B3FF5752-6CA7-45DD-8AD7-9DE0B854C9ED}.Release|Any CPU.ActiveCfg = Release|Any CPU
		{B3FF5752-6CA7-45DD-8AD7-9DE0B854C9ED}.Release|Any CPU.Build.0 = Release|Any CPU
		{5B454594-3F89-4968-84E5-C6F673F87DAD}.Debug|Any CPU.ActiveCfg = Debug|Any CPU
		{5B454594-3F89-4968-84E5-C6F673F87DAD}.Debug|Any CPU.Build.0 = Debug|Any CPU
		{5B454594-3F89-4968-84E5-C6F673F87DAD}.Release|Any CPU.ActiveCfg = Release|Any CPU
		{5B454594-3F89-4968-84E5-C6F673F87DAD}.Release|Any CPU.Build.0 = Release|Any CPU
		{B715FD74-B066-4C5D-86BB-A1A700BA8795}.Debug|Any CPU.ActiveCfg = Debug|Any CPU
		{B715FD74-B066-4C5D-86BB-A1A700BA8795}.Debug|Any CPU.Build.0 = Debug|Any CPU
		{B715FD74-B066-4C5D-86BB-A1A700BA8795}.Release|Any CPU.ActiveCfg = Release|Any CPU
		{B715FD74-B066-4C5D-86BB-A1A700BA8795}.Release|Any CPU.Build.0 = Release|Any CPU
		{E34C4230-911E-47FB-83B4-D5D1CFD0FCC4}.Debug|Any CPU.ActiveCfg = Debug|Any CPU
		{E34C4230-911E-47FB-83B4-D5D1CFD0FCC4}.Debug|Any CPU.Build.0 = Debug|Any CPU
		{E34C4230-911E-47FB-83B4-D5D1CFD0FCC4}.Release|Any CPU.ActiveCfg = Release|Any CPU
		{E34C4230-911E-47FB-83B4-D5D1CFD0FCC4}.Release|Any CPU.Build.0 = Release|Any CPU
		{2D27551D-B091-4BB1-857B-D0E863E469AC}.Debug|Any CPU.ActiveCfg = Debug|Any CPU
		{2D27551D-B091-4BB1-857B-D0E863E469AC}.Debug|Any CPU.Build.0 = Debug|Any CPU
		{2D27551D-B091-4BB1-857B-D0E863E469AC}.Release|Any CPU.ActiveCfg = Release|Any CPU
		{2D27551D-B091-4BB1-857B-D0E863E469AC}.Release|Any CPU.Build.0 = Release|Any CPU
		{DFC291AD-795A-4058-AE72-1BE92205CDE4}.Debug|Any CPU.ActiveCfg = Debug|Any CPU
		{DFC291AD-795A-4058-AE72-1BE92205CDE4}.Debug|Any CPU.Build.0 = Debug|Any CPU
		{DFC291AD-795A-4058-AE72-1BE92205CDE4}.Release|Any CPU.ActiveCfg = Release|Any CPU
		{DFC291AD-795A-4058-AE72-1BE92205CDE4}.Release|Any CPU.Build.0 = Release|Any CPU
		{7F8A85C0-117C-4444-821A-700B134876CB}.Debug|Any CPU.ActiveCfg = Debug|Any CPU
		{7F8A85C0-117C-4444-821A-700B134876CB}.Debug|Any CPU.Build.0 = Debug|Any CPU
		{7F8A85C0-117C-4444-821A-700B134876CB}.Release|Any CPU.ActiveCfg = Release|Any CPU
		{7F8A85C0-117C-4444-821A-700B134876CB}.Release|Any CPU.Build.0 = Release|Any CPU
		{A9A14334-CABD-40FC-9D42-648F038D15E3}.Debug|Any CPU.ActiveCfg = Debug|Any CPU
		{A9A14334-CABD-40FC-9D42-648F038D15E3}.Debug|Any CPU.Build.0 = Debug|Any CPU
		{A9A14334-CABD-40FC-9D42-648F038D15E3}.Release|Any CPU.ActiveCfg = Release|Any CPU
		{A9A14334-CABD-40FC-9D42-648F038D15E3}.Release|Any CPU.Build.0 = Release|Any CPU
		{BC9B43A4-F5C6-4FFB-9CEE-2EEF9230B8E8}.Debug|Any CPU.ActiveCfg = Debug|Any CPU
		{BC9B43A4-F5C6-4FFB-9CEE-2EEF9230B8E8}.Debug|Any CPU.Build.0 = Debug|Any CPU
		{BC9B43A4-F5C6-4FFB-9CEE-2EEF9230B8E8}.Release|Any CPU.ActiveCfg = Release|Any CPU
		{BC9B43A4-F5C6-4FFB-9CEE-2EEF9230B8E8}.Release|Any CPU.Build.0 = Release|Any CPU
		{AF32E163-C577-4CBC-A072-0DC1CE0E1DA3}.Debug|Any CPU.ActiveCfg = Debug|Any CPU
		{AF32E163-C577-4CBC-A072-0DC1CE0E1DA3}.Debug|Any CPU.Build.0 = Debug|Any CPU
		{AF32E163-C577-4CBC-A072-0DC1CE0E1DA3}.Release|Any CPU.ActiveCfg = Release|Any CPU
		{AF32E163-C577-4CBC-A072-0DC1CE0E1DA3}.Release|Any CPU.Build.0 = Release|Any CPU
		{53CCD007-AA85-4CCF-AE81-BBB8B1CBEB1F}.Debug|Any CPU.ActiveCfg = Debug|Any CPU
		{53CCD007-AA85-4CCF-AE81-BBB8B1CBEB1F}.Debug|Any CPU.Build.0 = Debug|Any CPU
		{53CCD007-AA85-4CCF-AE81-BBB8B1CBEB1F}.Release|Any CPU.ActiveCfg = Release|Any CPU
		{53CCD007-AA85-4CCF-AE81-BBB8B1CBEB1F}.Release|Any CPU.Build.0 = Release|Any CPU
	EndGlobalSection
	GlobalSection(SolutionProperties) = preSolution
		HideSolutionNode = FALSE
	EndGlobalSection
	GlobalSection(NestedProjects) = preSolution
		{32C52114-7A2F-45BB-9087-7420976E675D} = {A3D2A0C7-53DA-434A-A190-1C59F1A4BFD6}
		{1706C2E4-F8AE-4D92-920A-46CEB397AEC2} = {D6E86F9B-8F3C-4A6C-A911-8EBB0696A2C9}
		{46AA2A81-0E4C-4922-8E8F-3F9326202356} = {85751331-D1AD-472D-88EB-D76F89C17B7D}
		{6B857177-E578-40A5-9C7F-F4FE12616339} = {85751331-D1AD-472D-88EB-D76F89C17B7D}
		{C49E6438-32F4-492C-8B5C-A1C3F0778568} = {85751331-D1AD-472D-88EB-D76F89C17B7D}
		{053A8ED8-C9D5-4D3A-872F-AFFD69C23936} = {39D254DD-9DC8-40EE-BDAF-DC03FC92F9BD}
		{B3FF5752-6CA7-45DD-8AD7-9DE0B854C9ED} = {1706C2E4-F8AE-4D92-920A-46CEB397AEC2}
		{5B454594-3F89-4968-84E5-C6F673F87DAD} = {B6B35309-0BE3-4455-AFA7-4AE05C05BDE4}
		{B715FD74-B066-4C5D-86BB-A1A700BA8795} = {B6B35309-0BE3-4455-AFA7-4AE05C05BDE4}
		{E34C4230-911E-47FB-83B4-D5D1CFD0FCC4} = {88A8B37F-A64C-4CAA-97F2-7E5C837C08D5}
		{2D27551D-B091-4BB1-857B-D0E863E469AC} = {88A8B37F-A64C-4CAA-97F2-7E5C837C08D5}
		{DFC291AD-795A-4058-AE72-1BE92205CDE4} = {88A8B37F-A64C-4CAA-97F2-7E5C837C08D5}
		{7F8A85C0-117C-4444-821A-700B134876CB} = {A3D2A0C7-53DA-434A-A190-1C59F1A4BFD6}
		{A9A14334-CABD-40FC-9D42-648F038D15E3} = {C432842B-E13A-4EB4-A39C-0595F4AF143D}
		{BC9B43A4-F5C6-4FFB-9CEE-2EEF9230B8E8} = {B6B35309-0BE3-4455-AFA7-4AE05C05BDE4}
		{AF32E163-C577-4CBC-A072-0DC1CE0E1DA3} = {A3D2A0C7-53DA-434A-A190-1C59F1A4BFD6}
		{53CCD007-AA85-4CCF-AE81-BBB8B1CBEB1F} = {A3D2A0C7-53DA-434A-A190-1C59F1A4BFD6}
	EndGlobalSection
	GlobalSection(ExtensibilityGlobals) = postSolution
		SolutionGuid = {CCA623FD-BB52-4CA2-95E3-5EA294EBE612}
	EndGlobalSection
EndGlobal
